{
  "name": "fd",
  "version": "1.0.0",
  "lockfileVersion": 1,
  "requires": true,
  "dependencies": {
    "folktale": {
      "version": "2.3.2",
      "resolved": "https://registry.npm.taobao.org/folktale/download/folktale-2.3.2.tgz",
      "integrity": "sha1-OCMbA55e82mJkgy/gFv2sie/T9Q="
    },
    "lodash": {
      "version": "4.17.20",
      "resolved": "https://registry.npm.taobao.org/lodash/download/lodash-4.17.20.tgz?cache=0&sync_timestamp=1597336125847&other_urls=https%3A%2F%2Fregistry.npm.taobao.org%2Flodash%2Fdownload%2Flodash-4.17.20.tgz",
      "integrity": "sha1-tEqbYpe8tpjxxRo1RaKzs2jVnFI=",
      "dev": true
    }
  }
}
